
Microsoft Visual Studio Solution File, Format Version 12.00
# Visual Studio 15
VisualStudioVersion = 15.0.27428.2037
MinimumVisualStudioVersion = 10.0.40219.1
Project("{FAE04EC0-301F-11D3-BF4B-00C04F79EFBC}") = "WinFormsControlLab", "WinFormsControlLab\WinFormsControlLab.csproj", "{115D43D9-9216-40D6-BB96-41D7AD97CA01}"
EndProject
Project("{FAE04EC0-301F-11D3-BF4B-00C04F79EFBC}") = "TestControlsApplication", "TestControlsApplication\TestControlsApplication.csproj", "{7F7A6C49-95E4-4E57-9053-7124DF125F03}"
EndProject
Global
	GlobalSection(SolutionConfigurationPlatforms) = preSolution
		Debug|Any CPU = Debug|Any CPU
		Release|Any CPU = Release|Any CPU
	EndGlobalSection
	GlobalSection(ProjectConfigurationPlatforms) = postSolution
		{115D43D9-9216-40D6-BB96-41D7AD97CA01}.Debug|Any CPU.ActiveCfg = Debug|Any CPU
		{115D43D9-9216-40D6-BB96-41D7AD97CA01}.Debug|Any CPU.Build.0 = Debug|Any CPU
		{115D43D9-9216-40D6-BB96-41D7AD97CA01}.Release|Any CPU.ActiveCfg = Release|Any CPU
		{115D43D9-9216-40D6-BB96-41D7AD97CA01}.Release|Any CPU.Build.0 = Release|Any CPU
		{7F7A6C49-95E4-4E57-9053-7124DF125F03}.Debug|Any CPU.ActiveCfg = Debug|Any CPU
		{7F7A6C49-95E4-4E57-9053-7124DF125F03}.Debug|Any CPU.Build.0 = Debug|Any CPU
		{7F7A6C49-95E4-4E57-9053-7124DF125F03}.Release|Any CPU.ActiveCfg = Release|Any CPU
		{7F7A6C49-95E4-4E57-9053-7124DF125F03}.Release|Any CPU.Build.0 = Release|Any CPU
	EndGlobalSection
	GlobalSection(SolutionProperties) = preSolution
		HideSolutionNode = FALSE
	EndGlobalSection
	GlobalSection(ExtensibilityGlobals) = postSolution
		SolutionGuid = {EC335388-129B-4FB2-9425-0C824C4E2182}
	EndGlobalSection
EndGlobal
